# THIS IS AN AUTOGENERATED FILE. DO NOT EDIT THIS FILE DIRECTLY.
# yarn lockfile v1


froala-editor@^4.5.1:
  version "4.5.1"
  resolved "https://registry.yarnpkg.com/froala-editor/-/froala-editor-4.5.1.tgz#4a5c9bd6bb72dfb19f80749ae68c810a4e16d1d8"
  integrity sha512-hgx4JJAM80yM3PGdyj7+41OQHP+Yj59yMvknwQkizlkbo/aKn2lbEtiqPMm//thNEE6NCuGLpHCZqppR/7Vymg==
