# THIS IS AN AUTOGENERATED FILE. DO NOT EDIT THIS FILE DIRECTLY.
# yarn lockfile v1


froala-editor@^4.1.4:
  version "4.1.4"
  resolved "https://registry.yarnpkg.com/froala-editor/-/froala-editor-4.1.4.tgz#6eebb465fd610f2d9cbcf6b9ac45abcff534469a"
  integrity sha512-oWF8SZNtLvfweURV5T0WYO69ZQpB1LQiGO2e6zoYRAlOwmqlW5yqLWfGi0tfn99qOgZ/4dxqBBDxqfOsRCQFiA==
