# THIS IS AN AUTOGENERATED FILE. DO NOT EDIT THIS FILE DIRECTLY.
# yarn lockfile v1


froala-editor@^4.5.2:
  version "4.5.2"
  resolved "https://registry.yarnpkg.com/froala-editor/-/froala-editor-4.5.2.tgz#caae73eea45e26ca420e1bb0e69c1eb85f2ffe27"
  integrity sha512-Nkfll8jkZEtxTDO6bbmOVXHZIrH5yIO7jIDEkMc68uQjRZJwYZM+MuOhUZspDY2U1PR+kEI+o3NOymD5isizjQ==
